
Microsoft Visual Studio Solution File, Format Version 12.00
# Visual Studio Version 17
VisualStudioVersion = 17.8.34316.72
MinimumVisualStudioVersion = 10.0.40219.1
Project("{FAE04EC0-301F-11D3-BF4B-00C04F79EFBC}") = "GerenciadorDeTarefas", "GerenciadorDeTarefas\GerenciadorDeTarefas.csproj", "{89E7D1D8-301A-4661-AC54-2BC97A529AB8}"
EndProject
Global
	GlobalSection(SolutionConfigurationPlatforms) = preSolution
		Debug|Any CPU = Debug|Any CPU
		Release|Any CPU = Release|Any CPU
	EndGlobalSection
	GlobalSection(ProjectConfigurationPlatforms) = postSolution
		{89E7D1D8-301A-4661-AC54-2BC97A529AB8}.Debug|Any CPU.ActiveCfg = Debug|Any CPU
		{89E7D1D8-301A-4661-AC54-2BC97A529AB8}.Debug|Any CPU.Build.0 = Debug|Any CPU
		{89E7D1D8-301A-4661-AC54-2BC97A529AB8}.Release|Any CPU.ActiveCfg = Release|Any CPU
		{89E7D1D8-301A-4661-AC54-2BC97A529AB8}.Release|Any CPU.Build.0 = Release|Any CPU
	EndGlobalSection
	GlobalSection(SolutionProperties) = preSolution
		HideSolutionNode = FALSE
	EndGlobalSection
	GlobalSection(ExtensibilityGlobals) = postSolution
		SolutionGuid = {3D6910AC-3980-49F1-8985-E6D35B66EC0C}
	EndGlobalSection
EndGlobal
